
Microsoft Visual Studio Solution File, Format Version 11.00
# Visual Studio 2010
Project("{FAE04EC0-301F-11D3-BF4B-00C04F79EFBC}") = "CoreLibraries", "CoreLibraries\CoreLibraries.csproj", "{46404ACC-A772-4C69-9957-07D1F5D392AD}"
EndProject
Project("{2150E333-8FDC-42A3-9474-1A3956D46DE8}") = "Solution Items", "Solution Items", "{D2CE21E3-4152-473F-B4AC-99B068367D64}"
	ProjectSection(SolutionItems) = preProject
		Local.testsettings = Local.testsettings
		RmitJourneyPlanner1.vsmdi = RmitJourneyPlanner1.vsmdi
		TestMatrix.txt = TestMatrix.txt
		TODO.txt = TODO.txt
		TraceAndTestImpact.testsettings = TraceAndTestImpact.testsettings
	EndProjectSection
EndProject
Project("{FAE04EC0-301F-11D3-BF4B-00C04F79EFBC}") = "MySql.Data", "Provider\MySql.Data.csproj", "{E9DF5ED1-4CBD-4226-B931-9A51610AC14D}"
EndProject
Project("{FAE04EC0-301F-11D3-BF4B-00C04F79EFBC}") = "JayrockClient", "JayrockClient\JayrockClient.csproj", "{F90C9A13-A6A4-49BA-AFA6-95FC2DECFFFA}"
EndProject
Project("{FAE04EC0-301F-11D3-BF4B-00C04F79EFBC}") = "JRPCServer", "JRPCServer\JRPCServer.csproj", "{A96D1FA3-D5BE-40F7-A6BC-AB8AA96F939D}"
EndProject
Global
	GlobalSection(SubversionScc) = preSolution
		Svn-Managed = True
		Manager = AnkhSVN - Subversion Support for Visual Studio
	EndGlobalSection
	GlobalSection(TestCaseManagementSettings) = postSolution
		CategoryFile = RmitJourneyPlanner1.vsmdi
	EndGlobalSection
	GlobalSection(SolutionConfigurationPlatforms) = preSolution
		Debug|Any CPU = Debug|Any CPU
		Debug|Mixed Platforms = Debug|Mixed Platforms
		Debug|x86 = Debug|x86
		Default|Any CPU = Default|Any CPU
		Default|Mixed Platforms = Default|Mixed Platforms
		Default|x86 = Default|x86
		Release|Any CPU = Release|Any CPU
		Release|Mixed Platforms = Release|Mixed Platforms
		Release|x86 = Release|x86
	EndGlobalSection
	GlobalSection(ProjectConfigurationPlatforms) = postSolution
		{46404ACC-A772-4C69-9957-07D1F5D392AD}.Debug|Any CPU.ActiveCfg = Debug|Any CPU
		{46404ACC-A772-4C69-9957-07D1F5D392AD}.Debug|Any CPU.Build.0 = Debug|Any CPU
		{46404ACC-A772-4C69-9957-07D1F5D392AD}.Debug|Mixed Platforms.ActiveCfg = Debug|Any CPU
		{46404ACC-A772-4C69-9957-07D1F5D392AD}.Debug|Mixed Platforms.Build.0 = Debug|Any CPU
		{46404ACC-A772-4C69-9957-07D1F5D392AD}.Debug|x86.ActiveCfg = Debug|Any CPU
		{46404ACC-A772-4C69-9957-07D1F5D392AD}.Debug|x86.Build.0 = Debug|Any CPU
		{46404ACC-A772-4C69-9957-07D1F5D392AD}.Default|Any CPU.ActiveCfg = Debug|x86
		{46404ACC-A772-4C69-9957-07D1F5D392AD}.Default|Mixed Platforms.ActiveCfg = Debug|x86
		{46404ACC-A772-4C69-9957-07D1F5D392AD}.Default|x86.ActiveCfg = Debug|x86
		{46404ACC-A772-4C69-9957-07D1F5D392AD}.Release|Any CPU.ActiveCfg = Release|Any CPU
		{46404ACC-A772-4C69-9957-07D1F5D392AD}.Release|Any CPU.Build.0 = Release|Any CPU
		{46404ACC-A772-4C69-9957-07D1F5D392AD}.Release|Mixed Platforms.ActiveCfg = Release|Any CPU
		{46404ACC-A772-4C69-9957-07D1F5D392AD}.Release|Mixed Platforms.Build.0 = Release|Any CPU
		{46404ACC-A772-4C69-9957-07D1F5D392AD}.Release|x86.ActiveCfg = Release|Any CPU
		{E9DF5ED1-4CBD-4226-B931-9A51610AC14D}.Debug|Any CPU.ActiveCfg = Debug|Any CPU
		{E9DF5ED1-4CBD-4226-B931-9A51610AC14D}.Debug|Any CPU.Build.0 = Debug|Any CPU
		{E9DF5ED1-4CBD-4226-B931-9A51610AC14D}.Debug|Mixed Platforms.ActiveCfg = Debug|x86
		{E9DF5ED1-4CBD-4226-B931-9A51610AC14D}.Debug|Mixed Platforms.Build.0 = Debug|x86
		{E9DF5ED1-4CBD-4226-B931-9A51610AC14D}.Debug|x86.ActiveCfg = Debug|x86
		{E9DF5ED1-4CBD-4226-B931-9A51610AC14D}.Debug|x86.Build.0 = Debug|x86
		{E9DF5ED1-4CBD-4226-B931-9A51610AC14D}.Default|Any CPU.ActiveCfg = Debug|x86
		{E9DF5ED1-4CBD-4226-B931-9A51610AC14D}.Default|Mixed Platforms.ActiveCfg = Debug|x86
		{E9DF5ED1-4CBD-4226-B931-9A51610AC14D}.Default|x86.ActiveCfg = Debug|x86
		{E9DF5ED1-4CBD-4226-B931-9A51610AC14D}.Release|Any CPU.ActiveCfg = Release|Any CPU
		{E9DF5ED1-4CBD-4226-B931-9A51610AC14D}.Release|Any CPU.Build.0 = Release|Any CPU
		{E9DF5ED1-4CBD-4226-B931-9A51610AC14D}.Release|Mixed Platforms.ActiveCfg = Release|x86
		{E9DF5ED1-4CBD-4226-B931-9A51610AC14D}.Release|Mixed Platforms.Build.0 = Release|x86
		{E9DF5ED1-4CBD-4226-B931-9A51610AC14D}.Release|x86.ActiveCfg = Release|x86
		{E9DF5ED1-4CBD-4226-B931-9A51610AC14D}.Release|x86.Build.0 = Release|x86
		{F90C9A13-A6A4-49BA-AFA6-95FC2DECFFFA}.Debug|Any CPU.ActiveCfg = Debug|Any CPU
		{F90C9A13-A6A4-49BA-AFA6-95FC2DECFFFA}.Debug|Any CPU.Build.0 = Debug|Any CPU
		{F90C9A13-A6A4-49BA-AFA6-95FC2DECFFFA}.Debug|Mixed Platforms.ActiveCfg = Debug|Any CPU
		{F90C9A13-A6A4-49BA-AFA6-95FC2DECFFFA}.Debug|Mixed Platforms.Build.0 = Debug|Any CPU
		{F90C9A13-A6A4-49BA-AFA6-95FC2DECFFFA}.Debug|x86.ActiveCfg = Debug|Any CPU
		{F90C9A13-A6A4-49BA-AFA6-95FC2DECFFFA}.Default|Any CPU.ActiveCfg = Debug|Any CPU
		{F90C9A13-A6A4-49BA-AFA6-95FC2DECFFFA}.Default|Mixed Platforms.ActiveCfg = Debug|Any CPU
		{F90C9A13-A6A4-49BA-AFA6-95FC2DECFFFA}.Default|x86.ActiveCfg = Debug|Any CPU
		{F90C9A13-A6A4-49BA-AFA6-95FC2DECFFFA}.Release|Any CPU.ActiveCfg = Release|Any CPU
		{F90C9A13-A6A4-49BA-AFA6-95FC2DECFFFA}.Release|Any CPU.Build.0 = Release|Any CPU
		{F90C9A13-A6A4-49BA-AFA6-95FC2DECFFFA}.Release|Mixed Platforms.ActiveCfg = Release|Any CPU
		{F90C9A13-A6A4-49BA-AFA6-95FC2DECFFFA}.Release|Mixed Platforms.Build.0 = Release|Any CPU
		{F90C9A13-A6A4-49BA-AFA6-95FC2DECFFFA}.Release|x86.ActiveCfg = Release|Any CPU
		{A96D1FA3-D5BE-40F7-A6BC-AB8AA96F939D}.Debug|Any CPU.ActiveCfg = Debug|x86
		{A96D1FA3-D5BE-40F7-A6BC-AB8AA96F939D}.Debug|Mixed Platforms.ActiveCfg = Debug|x86
		{A96D1FA3-D5BE-40F7-A6BC-AB8AA96F939D}.Debug|Mixed Platforms.Build.0 = Debug|x86
		{A96D1FA3-D5BE-40F7-A6BC-AB8AA96F939D}.Debug|x86.ActiveCfg = Debug|x86
		{A96D1FA3-D5BE-40F7-A6BC-AB8AA96F939D}.Debug|x86.Build.0 = Debug|x86
		{A96D1FA3-D5BE-40F7-A6BC-AB8AA96F939D}.Default|Any CPU.ActiveCfg = Debug|x86
		{A96D1FA3-D5BE-40F7-A6BC-AB8AA96F939D}.Default|Mixed Platforms.ActiveCfg = Debug|x86
		{A96D1FA3-D5BE-40F7-A6BC-AB8AA96F939D}.Default|Mixed Platforms.Build.0 = Debug|x86
		{A96D1FA3-D5BE-40F7-A6BC-AB8AA96F939D}.Default|x86.ActiveCfg = Debug|x86
		{A96D1FA3-D5BE-40F7-A6BC-AB8AA96F939D}.Default|x86.Build.0 = Debug|x86
		{A96D1FA3-D5BE-40F7-A6BC-AB8AA96F939D}.Release|Any CPU.ActiveCfg = Release|x86
		{A96D1FA3-D5BE-40F7-A6BC-AB8AA96F939D}.Release|Mixed Platforms.ActiveCfg = Release|x86
		{A96D1FA3-D5BE-40F7-A6BC-AB8AA96F939D}.Release|Mixed Platforms.Build.0 = Release|x86
		{A96D1FA3-D5BE-40F7-A6BC-AB8AA96F939D}.Release|x86.ActiveCfg = Release|x86
		{A96D1FA3-D5BE-40F7-A6BC-AB8AA96F939D}.Release|x86.Build.0 = Release|x86
	EndGlobalSection
	GlobalSection(SolutionProperties) = preSolution
		HideSolutionNode = FALSE
	EndGlobalSection
	GlobalSection(MonoDevelopProperties) = preSolution
		StartupItem = JayrockClient\JayrockClient.csproj
	EndGlobalSection
EndGlobal
